
Microsoft Visual Studio Solution File, Format Version 12.00
# Visual Studio Version 16
VisualStudioVersion = 16.0.31702.278
MinimumVisualStudioVersion = 10.0.40219.1
Project("{9A19103F-16F7-4668-BE54-9A1E7A4F7556}") = "Group Guide", "Group Guide.csproj", "{C7184F17-4C1D-480C-AC97-B31994A94CE8}"
EndProject
Global
	GlobalSection(SolutionConfigurationPlatforms) = preSolution
		Debug|Any CPU = Debug|Any CPU
		Release|Any CPU = Release|Any CPU
	EndGlobalSection
	GlobalSection(ProjectConfigurationPlatforms) = postSolution
		{C7184F17-4C1D-480C-AC97-B31994A94CE8}.Debug|Any CPU.ActiveCfg = Debug|Any CPU
		{C7184F17-4C1D-480C-AC97-B31994A94CE8}.Debug|Any CPU.Build.0 = Debug|Any CPU
		{C7184F17-4C1D-480C-AC97-B31994A94CE8}.Release|Any CPU.ActiveCfg = Release|Any CPU
		{C7184F17-4C1D-480C-AC97-B31994A94CE8}.Release|Any CPU.Build.0 = Release|Any CPU
	EndGlobalSection
	GlobalSection(SolutionProperties) = preSolution
		HideSolutionNode = FALSE
	EndGlobalSection
	GlobalSection(ExtensibilityGlobals) = postSolution
		SolutionGuid = {3F2A2FD4-12AE-4407-94CC-65EB362F8AEB}
	EndGlobalSection
EndGlobal
